
Microsoft Visual Studio Solution File, Format Version 12.00
# Visual Studio Version 17
VisualStudioVersion = 17.11.35312.102
MinimumVisualStudioVersion = 10.0.40219.1
Project("{FAE04EC0-301F-11D3-BF4B-00C04F79EFBC}") = "Presentation", "Presentation\Presentation.csproj", "{1C530827-74CD-4027-BC70-C1805A883F5E}"
EndProject
Project("{FAE04EC0-301F-11D3-BF4B-00C04F79EFBC}") = "Domain", "Domain\Domain.csproj", "{F77F0079-8815-4BBF-B6C7-E1D5FF22BC8E}"
EndProject
Project("{FAE04EC0-301F-11D3-BF4B-00C04F79EFBC}") = "DataAccess", "DataAccess\DataAccess.csproj", "{FB7A297C-F24E-43F6-A593-DDD82E18E361}"
EndProject
Global
	GlobalSection(SolutionConfigurationPlatforms) = preSolution
		Debug|Any CPU = Debug|Any CPU
		Release|Any CPU = Release|Any CPU
	EndGlobalSection
	GlobalSection(ProjectConfigurationPlatforms) = postSolution
		{1C530827-74CD-4027-BC70-C1805A883F5E}.Debug|Any CPU.ActiveCfg = Debug|Any CPU
		{1C530827-74CD-4027-BC70-C1805A883F5E}.Debug|Any CPU.Build.0 = Debug|Any CPU
		{1C530827-74CD-4027-BC70-C1805A883F5E}.Release|Any CPU.ActiveCfg = Release|Any CPU
		{1C530827-74CD-4027-BC70-C1805A883F5E}.Release|Any CPU.Build.0 = Release|Any CPU
		{F77F0079-8815-4BBF-B6C7-E1D5FF22BC8E}.Debug|Any CPU.ActiveCfg = Debug|Any CPU
		{F77F0079-8815-4BBF-B6C7-E1D5FF22BC8E}.Debug|Any CPU.Build.0 = Debug|Any CPU
		{F77F0079-8815-4BBF-B6C7-E1D5FF22BC8E}.Release|Any CPU.ActiveCfg = Release|Any CPU
		{F77F0079-8815-4BBF-B6C7-E1D5FF22BC8E}.Release|Any CPU.Build.0 = Release|Any CPU
		{FB7A297C-F24E-43F6-A593-DDD82E18E361}.Debug|Any CPU.ActiveCfg = Debug|Any CPU
		{FB7A297C-F24E-43F6-A593-DDD82E18E361}.Debug|Any CPU.Build.0 = Debug|Any CPU
		{FB7A297C-F24E-43F6-A593-DDD82E18E361}.Release|Any CPU.ActiveCfg = Release|Any CPU
		{FB7A297C-F24E-43F6-A593-DDD82E18E361}.Release|Any CPU.Build.0 = Release|Any CPU
	EndGlobalSection
	GlobalSection(SolutionProperties) = preSolution
		HideSolutionNode = FALSE
	EndGlobalSection
	GlobalSection(ExtensibilityGlobals) = postSolution
		SolutionGuid = {9489FC4F-D62C-45EA-A977-A4482B0E1324}
	EndGlobalSection
EndGlobal
